
Microsoft Visual Studio Solution File, Format Version 12.00
# Visual Studio 15
VisualStudioVersion = 15.0.26430.12
MinimumVisualStudioVersion = 10.0.40219.1
Project("{FAE04EC0-301F-11D3-BF4B-00C04F79EFBC}") = "APIVagalume.Android", "APIVagalume\APIVagalume.Android\APIVagalume.Android.csproj", "{D43BB1C0-0B2F-4CA4-AE26-1ADC69A12316}"
EndProject
Project("{FAE04EC0-301F-11D3-BF4B-00C04F79EFBC}") = "APIVagalume", "APIVagalume\APIVagalume\APIVagalume.csproj", "{05C6E172-9EF6-41CF-AC6B-C70844354DEB}"
EndProject
Global
	GlobalSection(SolutionConfigurationPlatforms) = preSolution
		Ad-Hoc|Any CPU = Ad-Hoc|Any CPU
		Ad-Hoc|ARM = Ad-Hoc|ARM
		Ad-Hoc|iPhone = Ad-Hoc|iPhone
		Ad-Hoc|iPhoneSimulator = Ad-Hoc|iPhoneSimulator
		Ad-Hoc|x64 = Ad-Hoc|x64
		Ad-Hoc|x86 = Ad-Hoc|x86
		AppStore|Any CPU = AppStore|Any CPU
		AppStore|ARM = AppStore|ARM
		AppStore|iPhone = AppStore|iPhone
		AppStore|iPhoneSimulator = AppStore|iPhoneSimulator
		AppStore|x64 = AppStore|x64
		AppStore|x86 = AppStore|x86
		Debug|Any CPU = Debug|Any CPU
		Debug|ARM = Debug|ARM
		Debug|iPhone = Debug|iPhone
		Debug|iPhoneSimulator = Debug|iPhoneSimulator
		Debug|x64 = Debug|x64
		Debug|x86 = Debug|x86
		Release|Any CPU = Release|Any CPU
		Release|ARM = Release|ARM
		Release|iPhone = Release|iPhone
		Release|iPhoneSimulator = Release|iPhoneSimulator
		Release|x64 = Release|x64
		Release|x86 = Release|x86
	EndGlobalSection
	GlobalSection(ProjectConfigurationPlatforms) = postSolution
		{D43BB1C0-0B2F-4CA4-AE26-1ADC69A12316}.Ad-Hoc|Any CPU.ActiveCfg = Release|Any CPU
		{D43BB1C0-0B2F-4CA4-AE26-1ADC69A12316}.Ad-Hoc|Any CPU.Build.0 = Release|Any CPU
		{D43BB1C0-0B2F-4CA4-AE26-1ADC69A12316}.Ad-Hoc|Any CPU.Deploy.0 = Release|Any CPU
		{D43BB1C0-0B2F-4CA4-AE26-1ADC69A12316}.Ad-Hoc|ARM.ActiveCfg = Release|Any CPU
		{D43BB1C0-0B2F-4CA4-AE26-1ADC69A12316}.Ad-Hoc|ARM.Build.0 = Release|Any CPU
		{D43BB1C0-0B2F-4CA4-AE26-1ADC69A12316}.Ad-Hoc|ARM.Deploy.0 = Release|Any CPU
		{D43BB1C0-0B2F-4CA4-AE26-1ADC69A12316}.Ad-Hoc|iPhone.ActiveCfg = Release|Any CPU
		{D43BB1C0-0B2F-4CA4-AE26-1ADC69A12316}.Ad-Hoc|iPhone.Build.0 = Release|Any CPU
		{D43BB1C0-0B2F-4CA4-AE26-1ADC69A12316}.Ad-Hoc|iPhone.Deploy.0 = Release|Any CPU
		{D43BB1C0-0B2F-4CA4-AE26-1ADC69A12316}.Ad-Hoc|iPhoneSimulator.ActiveCfg = Release|Any CPU
		{D43BB1C0-0B2F-4CA4-AE26-1ADC69A12316}.Ad-Hoc|iPhoneSimulator.Build.0 = Release|Any CPU
		{D43BB1C0-0B2F-4CA4-AE26-1ADC69A12316}.Ad-Hoc|iPhoneSimulator.Deploy.0 = Release|Any CPU
		{D43BB1C0-0B2F-4CA4-AE26-1ADC69A12316}.Ad-Hoc|x64.ActiveCfg = Release|Any CPU
		{D43BB1C0-0B2F-4CA4-AE26-1ADC69A12316}.Ad-Hoc|x64.Build.0 = Release|Any CPU
		{D43BB1C0-0B2F-4CA4-AE26-1ADC69A12316}.Ad-Hoc|x64.Deploy.0 = Release|Any CPU
		{D43BB1C0-0B2F-4CA4-AE26-1ADC69A12316}.Ad-Hoc|x86.ActiveCfg = Release|Any CPU
		{D43BB1C0-0B2F-4CA4-AE26-1ADC69A12316}.Ad-Hoc|x86.Build.0 = Release|Any CPU
		{D43BB1C0-0B2F-4CA4-AE26-1ADC69A12316}.Ad-Hoc|x86.Deploy.0 = Release|Any CPU
		{D43BB1C0-0B2F-4CA4-AE26-1ADC69A12316}.AppStore|Any CPU.ActiveCfg = Release|Any CPU
		{D43BB1C0-0B2F-4CA4-AE26-1ADC69A12316}.AppStore|Any CPU.Build.0 = Release|Any CPU
		{D43BB1C0-0B2F-4CA4-AE26-1ADC69A12316}.AppStore|Any CPU.Deploy.0 = Release|Any CPU
		{D43BB1C0-0B2F-4CA4-AE26-1ADC69A12316}.AppStore|ARM.ActiveCfg = Release|Any CPU
		{D43BB1C0-0B2F-4CA4-AE26-1ADC69A12316}.AppStore|ARM.Build.0 = Release|Any CPU
		{D43BB1C0-0B2F-4CA4-AE26-1ADC69A12316}.AppStore|ARM.Deploy.0 = Release|Any CPU
		{D43BB1C0-0B2F-4CA4-AE26-1ADC69A12316}.AppStore|iPhone.ActiveCfg = Release|Any CPU
		{D43BB1C0-0B2F-4CA4-AE26-1ADC69A12316}.AppStore|iPhone.Build.0 = Release|Any CPU
		{D43BB1C0-0B2F-4CA4-AE26-1ADC69A12316}.AppStore|iPhone.Deploy.0 = Release|Any CPU
		{D43BB1C0-0B2F-4CA4-AE26-1ADC69A12316}.AppStore|iPhoneSimulator.ActiveCfg = Release|Any CPU
		{D43BB1C0-0B2F-4CA4-AE26-1ADC69A12316}.AppStore|iPhoneSimulator.Build.0 = Release|Any CPU
		{D43BB1C0-0B2F-4CA4-AE26-1ADC69A12316}.AppStore|iPhoneSimulator.Deploy.0 = Release|Any CPU
		{D43BB1C0-0B2F-4CA4-AE26-1ADC69A12316}.AppStore|x64.ActiveCfg = Release|Any CPU
		{D43BB1C0-0B2F-4CA4-AE26-1ADC69A12316}.AppStore|x64.Build.0 = Release|Any CPU
		{D43BB1C0-0B2F-4CA4-AE26-1ADC69A12316}.AppStore|x64.Deploy.0 = Release|Any CPU
		{D43BB1C0-0B2F-4CA4-AE26-1ADC69A12316}.AppStore|x86.ActiveCfg = Release|Any CPU
		{D43BB1C0-0B2F-4CA4-AE26-1ADC69A12316}.AppStore|x86.Build.0 = Release|Any CPU
		{D43BB1C0-0B2F-4CA4-AE26-1ADC69A12316}.AppStore|x86.Deploy.0 = Release|Any CPU
		{D43BB1C0-0B2F-4CA4-AE26-1ADC69A12316}.Debug|Any CPU.ActiveCfg = Debug|Any CPU
		{D43BB1C0-0B2F-4CA4-AE26-1ADC69A12316}.Debug|Any CPU.Build.0 = Debug|Any CPU
		{D43BB1C0-0B2F-4CA4-AE26-1ADC69A12316}.Debug|Any CPU.Deploy.0 = Debug|Any CPU
		{D43BB1C0-0B2F-4CA4-AE26-1ADC69A12316}.Debug|ARM.ActiveCfg = Debug|Any CPU
		{D43BB1C0-0B2F-4CA4-AE26-1ADC69A12316}.Debug|ARM.Build.0 = Debug|Any CPU
		{D43BB1C0-0B2F-4CA4-AE26-1ADC69A12316}.Debug|ARM.Deploy.0 = Debug|Any CPU
		{D43BB1C0-0B2F-4CA4-AE26-1ADC69A12316}.Debug|iPhone.ActiveCfg = Debug|Any CPU
		{D43BB1C0-0B2F-4CA4-AE26-1ADC69A12316}.Debug|iPhone.Build.0 = Debug|Any CPU
		{D43BB1C0-0B2F-4CA4-AE26-1ADC69A12316}.Debug|iPhone.Deploy.0 = Debug|Any CPU
		{D43BB1C0-0B2F-4CA4-AE26-1ADC69A12316}.Debug|iPhoneSimulator.ActiveCfg = Debug|Any CPU
		{D43BB1C0-0B2F-4CA4-AE26-1ADC69A12316}.Debug|iPhoneSimulator.Build.0 = Debug|Any CPU
		{D43BB1C0-0B2F-4CA4-AE26-1ADC69A12316}.Debug|iPhoneSimulator.Deploy.0 = Debug|Any CPU
		{D43BB1C0-0B2F-4CA4-AE26-1ADC69A12316}.Debug|x64.ActiveCfg = Debug|Any CPU
		{D43BB1C0-0B2F-4CA4-AE26-1ADC69A12316}.Debug|x64.Build.0 = Debug|Any CPU
		{D43BB1C0-0B2F-4CA4-AE26-1ADC69A12316}.Debug|x64.Deploy.0 = Debug|Any CPU
		{D43BB1C0-0B2F-4CA4-AE26-1ADC69A12316}.Debug|x86.ActiveCfg = Debug|Any CPU
		{D43BB1C0-0B2F-4CA4-AE26-1ADC69A12316}.Debug|x86.Build.0 = Debug|Any CPU
		{D43BB1C0-0B2F-4CA4-AE26-1ADC69A12316}.Debug|x86.Deploy.0 = Debug|Any CPU
		{D43BB1C0-0B2F-4CA4-AE26-1ADC69A12316}.Release|Any CPU.ActiveCfg = Release|Any CPU
		{D43BB1C0-0B2F-4CA4-AE26-1ADC69A12316}.Release|Any CPU.Build.0 = Release|Any CPU
		{D43BB1C0-0B2F-4CA4-AE26-1ADC69A12316}.Release|Any CPU.Deploy.0 = Release|Any CPU
		{D43BB1C0-0B2F-4CA4-AE26-1ADC69A12316}.Release|ARM.ActiveCfg = Release|Any CPU
		{D43BB1C0-0B2F-4CA4-AE26-1ADC69A12316}.Release|ARM.Build.0 = Release|Any CPU
		{D43BB1C0-0B2F-4CA4-AE26-1ADC69A12316}.Release|ARM.Deploy.0 = Release|Any CPU
		{D43BB1C0-0B2F-4CA4-AE26-1ADC69A12316}.Release|iPhone.ActiveCfg = Release|Any CPU
		{D43BB1C0-0B2F-4CA4-AE26-1ADC69A12316}.Release|iPhone.Build.0 = Release|Any CPU
		{D43BB1C0-0B2F-4CA4-AE26-1ADC69A12316}.Release|iPhone.Deploy.0 = Release|Any CPU
		{D43BB1C0-0B2F-4CA4-AE26-1ADC69A12316}.Release|iPhoneSimulator.ActiveCfg = Release|Any CPU
		{D43BB1C0-0B2F-4CA4-AE26-1ADC69A12316}.Release|iPhoneSimulator.Build.0 = Release|Any CPU
		{D43BB1C0-0B2F-4CA4-AE26-1ADC69A12316}.Release|iPhoneSimulator.Deploy.0 = Release|Any CPU
		{D43BB1C0-0B2F-4CA4-AE26-1ADC69A12316}.Release|x64.ActiveCfg = Release|Any CPU
		{D43BB1C0-0B2F-4CA4-AE26-1ADC69A12316}.Release|x64.Build.0 = Release|Any CPU
		{D43BB1C0-0B2F-4CA4-AE26-1ADC69A12316}.Release|x64.Deploy.0 = Release|Any CPU
		{D43BB1C0-0B2F-4CA4-AE26-1ADC69A12316}.Release|x86.ActiveCfg = Release|Any CPU
		{D43BB1C0-0B2F-4CA4-AE26-1ADC69A12316}.Release|x86.Build.0 = Release|Any CPU
		{D43BB1C0-0B2F-4CA4-AE26-1ADC69A12316}.Release|x86.Deploy.0 = Release|Any CPU
		{05C6E172-9EF6-41CF-AC6B-C70844354DEB}.Ad-Hoc|Any CPU.ActiveCfg = Release|Any CPU
		{05C6E172-9EF6-41CF-AC6B-C70844354DEB}.Ad-Hoc|Any CPU.Build.0 = Release|Any CPU
		{05C6E172-9EF6-41CF-AC6B-C70844354DEB}.Ad-Hoc|ARM.ActiveCfg = Release|Any CPU
		{05C6E172-9EF6-41CF-AC6B-C70844354DEB}.Ad-Hoc|ARM.Build.0 = Release|Any CPU
		{05C6E172-9EF6-41CF-AC6B-C70844354DEB}.Ad-Hoc|iPhone.ActiveCfg = Release|Any CPU
		{05C6E172-9EF6-41CF-AC6B-C70844354DEB}.Ad-Hoc|iPhone.Build.0 = Release|Any CPU
		{05C6E172-9EF6-41CF-AC6B-C70844354DEB}.Ad-Hoc|iPhoneSimulator.ActiveCfg = Release|Any CPU
		{05C6E172-9EF6-41CF-AC6B-C70844354DEB}.Ad-Hoc|iPhoneSimulator.Build.0 = Release|Any CPU
		{05C6E172-9EF6-41CF-AC6B-C70844354DEB}.Ad-Hoc|x64.ActiveCfg = Release|Any CPU
		{05C6E172-9EF6-41CF-AC6B-C70844354DEB}.Ad-Hoc|x64.Build.0 = Release|Any CPU
		{05C6E172-9EF6-41CF-AC6B-C70844354DEB}.Ad-Hoc|x86.ActiveCfg = Release|Any CPU
		{05C6E172-9EF6-41CF-AC6B-C70844354DEB}.Ad-Hoc|x86.Build.0 = Release|Any CPU
		{05C6E172-9EF6-41CF-AC6B-C70844354DEB}.AppStore|Any CPU.ActiveCfg = Release|Any CPU
		{05C6E172-9EF6-41CF-AC6B-C70844354DEB}.AppStore|Any CPU.Build.0 = Release|Any CPU
		{05C6E172-9EF6-41CF-AC6B-C70844354DEB}.AppStore|ARM.ActiveCfg = Release|Any CPU
		{05C6E172-9EF6-41CF-AC6B-C70844354DEB}.AppStore|ARM.Build.0 = Release|Any CPU
		{05C6E172-9EF6-41CF-AC6B-C70844354DEB}.AppStore|iPhone.ActiveCfg = Release|Any CPU
		{05C6E172-9EF6-41CF-AC6B-C70844354DEB}.AppStore|iPhone.Build.0 = Release|Any CPU
		{05C6E172-9EF6-41CF-AC6B-C70844354DEB}.AppStore|iPhoneSimulator.ActiveCfg = Release|Any CPU
		{05C6E172-9EF6-41CF-AC6B-C70844354DEB}.AppStore|iPhoneSimulator.Build.0 = Release|Any CPU
		{05C6E172-9EF6-41CF-AC6B-C70844354DEB}.AppStore|x64.ActiveCfg = Release|Any CPU
		{05C6E172-9EF6-41CF-AC6B-C70844354DEB}.AppStore|x64.Build.0 = Release|Any CPU
		{05C6E172-9EF6-41CF-AC6B-C70844354DEB}.AppStore|x86.ActiveCfg = Release|Any CPU
		{05C6E172-9EF6-41CF-AC6B-C70844354DEB}.AppStore|x86.Build.0 = Release|Any CPU
		{05C6E172-9EF6-41CF-AC6B-C70844354DEB}.Debug|Any CPU.ActiveCfg = Debug|Any CPU
		{05C6E172-9EF6-41CF-AC6B-C70844354DEB}.Debug|Any CPU.Build.0 = Debug|Any CPU
		{05C6E172-9EF6-41CF-AC6B-C70844354DEB}.Debug|ARM.ActiveCfg = Debug|Any CPU
		{05C6E172-9EF6-41CF-AC6B-C70844354DEB}.Debug|ARM.Build.0 = Debug|Any CPU
		{05C6E172-9EF6-41CF-AC6B-C70844354DEB}.Debug|iPhone.ActiveCfg = Debug|Any CPU
		{05C6E172-9EF6-41CF-AC6B-C70844354DEB}.Debug|iPhone.Build.0 = Debug|Any CPU
		{05C6E172-9EF6-41CF-AC6B-C70844354DEB}.Debug|iPhoneSimulator.ActiveCfg = Debug|Any CPU
		{05C6E172-9EF6-41CF-AC6B-C70844354DEB}.Debug|iPhoneSimulator.Build.0 = Debug|Any CPU
		{05C6E172-9EF6-41CF-AC6B-C70844354DEB}.Debug|x64.ActiveCfg = Debug|Any CPU
		{05C6E172-9EF6-41CF-AC6B-C70844354DEB}.Debug|x64.Build.0 = Debug|Any CPU
		{05C6E172-9EF6-41CF-AC6B-C70844354DEB}.Debug|x86.ActiveCfg = Debug|Any CPU
		{05C6E172-9EF6-41CF-AC6B-C70844354DEB}.Debug|x86.Build.0 = Debug|Any CPU
		{05C6E172-9EF6-41CF-AC6B-C70844354DEB}.Release|Any CPU.ActiveCfg = Release|Any CPU
		{05C6E172-9EF6-41CF-AC6B-C70844354DEB}.Release|Any CPU.Build.0 = Release|Any CPU
		{05C6E172-9EF6-41CF-AC6B-C70844354DEB}.Release|ARM.ActiveCfg = Release|Any CPU
		{05C6E172-9EF6-41CF-AC6B-C70844354DEB}.Release|ARM.Build.0 = Release|Any CPU
		{05C6E172-9EF6-41CF-AC6B-C70844354DEB}.Release|iPhone.ActiveCfg = Release|Any CPU
		{05C6E172-9EF6-41CF-AC6B-C70844354DEB}.Release|iPhone.Build.0 = Release|Any CPU
		{05C6E172-9EF6-41CF-AC6B-C70844354DEB}.Release|iPhoneSimulator.ActiveCfg = Release|Any CPU
		{05C6E172-9EF6-41CF-AC6B-C70844354DEB}.Release|iPhoneSimulator.Build.0 = Release|Any CPU
		{05C6E172-9EF6-41CF-AC6B-C70844354DEB}.Release|x64.ActiveCfg = Release|Any CPU
		{05C6E172-9EF6-41CF-AC6B-C70844354DEB}.Release|x64.Build.0 = Release|Any CPU
		{05C6E172-9EF6-41CF-AC6B-C70844354DEB}.Release|x86.ActiveCfg = Release|Any CPU
		{05C6E172-9EF6-41CF-AC6B-C70844354DEB}.Release|x86.Build.0 = Release|Any CPU
	EndGlobalSection
	GlobalSection(SolutionProperties) = preSolution
		HideSolutionNode = FALSE
	EndGlobalSection
EndGlobal
